// !$*UTF8*$!
{
	archiveVersion = 1;
	classes = {
	};
	objectVersion = 50;
	objects = {

/* Begin PBXBuildFile section */
		3D85E5782203E4D300F324F7 /* playerTableViewCell.swift in Sources */ = {isa = PBXBuildFile; fileRef = 3D85E5772203E4D300F324F7 /* playerTableViewCell.swift */; };
		3D85E57A22053E7100F324F7 /* HistoryTableViewController.swift in Sources */ = {isa = PBXBuildFile; fileRef = 3D85E57922053E7100F324F7 /* HistoryTableViewController.swift */; };
		3D85E57C22054EC100F324F7 /* UITextField+Extensions.swift in Sources */ = {isa = PBXBuildFile; fileRef = 3D85E57B22054EC100F324F7 /* UITextField+Extensions.swift */; };
		3DA29B8122011E590034AA46 /* AppDelegate.swift in Sources */ = {isa = PBXBuildFile; fileRef = 3DA29B8022011E590034AA46 /* AppDelegate.swift */; };
		3DA29B8322011E590034AA46 /* ViewController.swift in Sources */ = {isa = PBXBuildFile; fileRef = 3DA29B8222011E590034AA46 /* ViewController.swift */; };
		3DA29B8622011E590034AA46 /* Main.storyboard in Resources */ = {isa = PBXBuildFile; fileRef = 3DA29B8422011E590034AA46 /* Main.storyboard */; };
		3DA29B8822011E5C0034AA46 /* Assets.xcassets in Resources */ = {isa = PBXBuildFile; fileRef = 3DA29B8722011E5C0034AA46 /* Assets.xcassets */; };
		3DA29B8B22011E5C0034AA46 /* LaunchScreen.storyboard in Resources */ = {isa = PBXBuildFile; fileRef = 3DA29B8922011E5C0034AA46 /* LaunchScreen.storyboard */; };
		3DA29B9622011E5D0034AA46 /* lifecounterTests.swift in Sources */ = {isa = PBXBuildFile; fileRef = 3DA29B9522011E5D0034AA46 /* lifecounterTests.swift */; };
		3DA29BA122011E5D0034AA46 /* lifecounterUITests.swift in Sources */ = {isa = PBXBuildFile; fileRef = 3DA29BA022011E5D0034AA46 /* lifecounterUITests.swift */; };
		3DA29BB1220128C70034AA46 /* MTGPlayer.xib in Resources */ = {isa = PBXBuildFile; fileRef = 3DA29BB0220128C70034AA46 /* MTGPlayer.xib */; };
		3DA29BB3220128DB0034AA46 /* MTGPlayer.swift in Sources */ = {isa = PBXBuildFile; fileRef = 3DA29BB2220128DB0034AA46 /* MTGPlayer.swift */; };
/* End PBXBuildFile section */

/* Begin PBXContainerItemProxy section */
		3DA29B9222011E5D0034AA46 /* PBXContainerItemProxy */ = {
			isa = PBXContainerItemProxy;
			containerPortal = 3DA29B7522011E590034AA46 /* Project object */;
			proxyType = 1;
			remoteGlobalIDString = 3DA29B7C22011E590034AA46;
			remoteInfo = lifecounter;
		};
		3DA29B9D22011E5D0034AA46 /* PBXContainerItemProxy */ = {
			isa = PBXContainerItemProxy;
			containerPortal = 3DA29B7522011E590034AA46 /* Project object */;
			proxyType = 1;
			remoteGlobalIDString = 3DA29B7C22011E590034AA46;
			remoteInfo = lifecounter;
		};
/* End PBXContainerItemProxy section */

/* Begin PBXFileReference section */
		3D85E5772203E4D300F324F7 /* playerTableViewCell.swift */ = {isa = PBXFileReference; lastKnownFileType = sourcecode.swift; path = playerTableViewCell.swift; sourceTree = "<group>"; };
		3D85E57922053E7100F324F7 /* HistoryTableViewController.swift */ = {isa = PBXFileReference; lastKnownFileType = sourcecode.swift; path = HistoryTableViewController.swift; sourceTree = "<group>"; };
		3D85E57B22054EC100F324F7 /* UITextField+Extensions.swift */ = {isa = PBXFileReference; lastKnownFileType = sourcecode.swift; path = "UITextField+Extensions.swift"; sourceTree = "<group>"; };
		3DA29B7D22011E590034AA46 /* lifecounter.app */ = {isa = PBXFileReference; explicitFileType = wrapper.application; includeInIndex = 0; path = lifecounter.app; sourceTree = BUILT_PRODUCTS_DIR; };
		3DA29B8022011E590034AA46 /* AppDelegate.swift */ = {isa = PBXFileReference; lastKnownFileType = sourcecode.swift; path = AppDelegate.swift; sourceTree = "<group>"; };
		3DA29B8222011E590034AA46 /* ViewController.swift */ = {isa = PBXFileReference; lastKnownFileType = sourcecode.swift; path = ViewController.swift; sourceTree = "<group>"; };
		3DA29B8522011E590034AA46 /* Base */ = {isa = PBXFileReference; lastKnownFileType = file.storyboard; name = Base; path = Base.lproj/Main.storyboard; sourceTree = "<group>"; };
		3DA29B8722011E5C0034AA46 /* Assets.xcassets */ = {isa = PBXFileReference; lastKnownFileType = folder.assetcatalog; path = Assets.xcassets; sourceTree = "<group>"; };
		3DA29B8A22011E5C0034AA46 /* Base */ = {isa = PBXFileReference; lastKnownFileType = file.storyboard; name = Base; path = Base.lproj/LaunchScreen.storyboard; sourceTree = "<group>"; };
		3DA29B8C22011E5C0034AA46 /* Info.plist */ = {isa = PBXFileReference; lastKnownFileType = text.plist.xml; path = Info.plist; sourceTree = "<group>"; };
		3DA29B9122011E5D0034AA46 /* lifecounterTests.xctest */ = {isa = PBXFileReference; explicitFileType = wrapper.cfbundle; includeInIndex = 0; path = lifecounterTests.xctest; sourceTree = BUILT_PRODUCTS_DIR; };
		3DA29B9522011E5D0034AA46 /* lifecounterTests.swift */ = {isa = PBXFileReference; lastKnownFileType = sourcecode.swift; path = lifecounterTests.swift; sourceTree = "<group>"; };
		3DA29B9722011E5D0034AA46 /* Info.plist */ = {isa = PBXFileReference; lastKnownFileType = text.plist.xml; path = Info.plist; sourceTree = "<group>"; };
		3DA29B9C22011E5D0034AA46 /* lifecounterUITests.xctest */ = {isa = PBXFileReference; explicitFileType = wrapper.cfbundle; includeInIndex = 0; path = lifecounterUITests.xctest; sourceTree = BUILT_PRODUCTS_DIR; };
		3DA29BA022011E5D0034AA46 /* lifecounterUITests.swift */ = {isa = PBXFileReference; lastKnownFileType = sourcecode.swift; path = lifecounterUITests.swift; sourceTree = "<group>"; };
		3DA29BA222011E5D0034AA46 /* Info.plist */ = {isa = PBXFileReference; lastKnownFileType = text.plist.xml; path = Info.plist; sourceTree = "<group>"; };
		3DA29BB0220128C70034AA46 /* MTGPlayer.xib */ = {isa = PBXFileReference; lastKnownFileType = file.xib; path = MTGPlayer.xib; sourceTree = "<group>"; };
		3DA29BB2220128DB0034AA46 /* MTGPlayer.swift */ = {isa = PBXFileReference; lastKnownFileType = sourcecode.swift; path = MTGPlayer.swift; sourceTree = "<group>"; };
/* End PBXFileReference section */

/* Begin PBXFrameworksBuildPhase section */
		3DA29B7A22011E590034AA46 /* Frameworks */ = {
			isa = PBXFrameworksBuildPhase;
			buildActionMask = 2147483647;
			files = (
			);
			runOnlyForDeploymentPostprocessing = 0;
		};
		3DA29B8E22011E5D0034AA46 /* Frameworks */ = {
			isa = PBXFrameworksBuildPhase;
			buildActionMask = 2147483647;
			files = (
			);
			runOnlyForDeploymentPostprocessing = 0;
		};
		3DA29B9922011E5D0034AA46 /* Frameworks */ = {
			isa = PBXFrameworksBuildPhase;
			buildActionMask = 2147483647;
			files = (
			);
			runOnlyForDeploymentPostprocessing = 0;
		};
/* End PBXFrameworksBuildPhase section */

/* Begin PBXGroup section */
		3DA29B7422011E590034AA46 = {
			isa = PBXGroup;
			children = (
				3DA29B7F22011E590034AA46 /* lifecounter */,
				3DA29B9422011E5D0034AA46 /* lifecounterTests */,
				3DA29B9F22011E5D0034AA46 /* lifecounterUITests */,
				3DA29B7E22011E590034AA46 /* Products */,
				3DA29BB0220128C70034AA46 /* MTGPlayer.xib */,
				3DA29BB2220128DB0034AA46 /* MTGPlayer.swift */,
			);
			sourceTree = "<group>";
		};
		3DA29B7E22011E590034AA46 /* Products */ = {
			isa = PBXGroup;
			children = (
				3DA29B7D22011E590034AA46 /* lifecounter.app */,
				3DA29B9122011E5D0034AA46 /* lifecounterTests.xctest */,
				3DA29B9C22011E5D0034AA46 /* lifecounterUITests.xctest */,
			);
			name = Products;
			sourceTree = "<group>";
		};
		3DA29B7F22011E590034AA46 /* lifecounter */ = {
			isa = PBXGroup;
			children = (
				3DA29B8022011E590034AA46 /* AppDelegate.swift */,
				3DA29B8222011E590034AA46 /* ViewController.swift */,
				3DA29B8422011E590034AA46 /* Main.storyboard */,
				3D85E57922053E7100F324F7 /* HistoryTableViewController.swift */,
				3D85E5772203E4D300F324F7 /* playerTableViewCell.swift */,
				3DA29B8722011E5C0034AA46 /* Assets.xcassets */,
				3DA29B8922011E5C0034AA46 /* LaunchScreen.storyboard */,
				3D85E57B22054EC100F324F7 /* UITextField+Extensions.swift */,
				3DA29B8C22011E5C0034AA46 /* Info.plist */,
			);
			path = lifecounter;
			sourceTree = "<group>";
		};
		3DA29B9422011E5D0034AA46 /* lifecounterTests */ = {
			isa = PBXGroup;
			children = (
				3DA29B9522011E5D0034AA46 /* lifecounterTests.swift */,
				3DA29B9722011E5D0034AA46 /* Info.plist */,
			);
			path = lifecounterTests;
			sourceTree = "<group>";
		};
		3DA29B9F22011E5D0034AA46 /* lifecounterUITests */ = {
			isa = PBXGroup;
			children = (
				3DA29BA022011E5D0034AA46 /* lifecounterUITests.swift */,
				3DA29BA222011E5D0034AA46 /* Info.plist */,
			);
			path = lifecounterUITests;
			sourceTree = "<group>";
		};
/* End PBXGroup section */

/* Begin PBXNativeTarget section */
		3DA29B7C22011E590034AA46 /* lifecounter */ = {
			isa = PBXNativeTarget;
			buildConfigurationList = 3DA29BA522011E5D0034AA46 /* Build configuration list for PBXNativeTarget "lifecounter" */;
			buildPhases = (
				3DA29B7922011E590034AA46 /* Sources */,
				3DA29B7A22011E590034AA46 /* Frameworks */,
				3DA29B7B22011E590034AA46 /* Resources */,
			);
			buildRules = (
			);
			dependencies = (
			);
			name = lifecounter;
			productName = lifecounter;
			productReference = 3DA29B7D22011E590034AA46 /* lifecounter.app */;
			productType = "com.apple.product-type.application";
		};
		3DA29B9022011E5D0034AA46 /* lifecounterTests */ = {
			isa = PBXNativeTarget;
			buildConfigurationList = 3DA29BA822011E5D0034AA46 /* Build configuration list for PBXNativeTarget "lifecounterTests" */;
			buildPhases = (
				3DA29B8D22011E5D0034AA46 /* Sources */,
				3DA29B8E22011E5D0034AA46 /* Frameworks */,
				3DA29B8F22011E5D0034AA46 /* Resources */,
			);
			buildRules = (
			);
			dependencies = (
				3DA29B9322011E5D0034AA46 /* PBXTargetDependency */,
			);
			name = lifecounterTests;
			productName = lifecounterTests;
			productReference = 3DA29B9122011E5D0034AA46 /* lifecounterTests.xctest */;
			productType = "com.apple.product-type.bundle.unit-test";
		};
		3DA29B9B22011E5D0034AA46 /* lifecounterUITests */ = {
			isa = PBXNativeTarget;
			buildConfigurationList = 3DA29BAB22011E5D0034AA46 /* Build configuration list for PBXNativeTarget "lifecounterUITests" */;
			buildPhases = (
				3DA29B9822011E5D0034AA46 /* Sources */,
				3DA29B9922011E5D0034AA46 /* Frameworks */,
				3DA29B9A22011E5D0034AA46 /* Resources */,
			);
			buildRules = (
			);
			dependencies = (
				3DA29B9E22011E5D0034AA46 /* PBXTargetDependency */,
			);
			name = lifecounterUITests;
			productName = lifecounterUITests;
			productReference = 3DA29B9C22011E5D0034AA46 /* lifecounterUITests.xctest */;
			productType = "com.apple.product-type.bundle.ui-testing";
		};
/* End PBXNativeTarget section */

/* Begin PBXProject section */
		3DA29B7522011E590034AA46 /* Project object */ = {
			isa = PBXProject;
			attributes = {
				LastSwiftUpdateCheck = 1010;
				LastUpgradeCheck = 1010;
				ORGANIZATIONNAME = uw;
				TargetAttributes = {
					3DA29B7C22011E590034AA46 = {
						CreatedOnToolsVersion = 10.1;
					};
					3DA29B9022011E5D0034AA46 = {
						CreatedOnToolsVersion = 10.1;
						TestTargetID = 3DA29B7C22011E590034AA46;
					};
					3DA29B9B22011E5D0034AA46 = {
						CreatedOnToolsVersion = 10.1;
						TestTargetID = 3DA29B7C22011E590034AA46;
					};
				};
			};
			buildConfigurationList = 3DA29B7822011E590034AA46 /* Build configuration list for PBXProject "lifecounter" */;
			compatibilityVersion = "Xcode 9.3";
			developmentRegion = en;
			hasScannedForEncodings = 0;
			knownRegions = (
				en,
				Base,
			);
			mainGroup = 3DA29B7422011E590034AA46;
			productRefGroup = 3DA29B7E22011E590034AA46 /* Products */;
			projectDirPath = "";
			projectRoot = "";
			targets = (
				3DA29B7C22011E590034AA46 /* lifecounter */,
				3DA29B9022011E5D0034AA46 /* lifecounterTests */,
				3DA29B9B22011E5D0034AA46 /* lifecounterUITests */,
			);
		};
/* End PBXProject section */

/* Begin PBXResourcesBuildPhase section */
		3DA29B7B22011E590034AA46 /* Resources */ = {
			isa = PBXResourcesBuildPhase;
			buildActionMask = 2147483647;
			files = (
				3DA29B8B22011E5C0034AA46 /* LaunchScreen.storyboard in Resources */,
				3DA29B8822011E5C0034AA46 /* Assets.xcassets in Resources */,
				3DA29B8622011E590034AA46 /* Main.storyboard in Resources */,
				3DA29BB1220128C70034AA46 /* MTGPlayer.xib in Resources */,
			);
			runOnlyForDeploymentPostprocessing = 0;
		};
		3DA29B8F22011E5D0034AA46 /* Resources */ = {
			isa = PBXResourcesBuildPhase;
			buildActionMask = 2147483647;
			files = (
			);
			runOnlyForDeploymentPostprocessing = 0;
		};
		3DA29B9A22011E5D0034AA46 /* Resources */ = {
			isa = PBXResourcesBuildPhase;
			buildActionMask = 2147483647;
			files = (
			);
			runOnlyForDeploymentPostprocessing = 0;
		};
/* End PBXResourcesBuildPhase section */

/* Begin PBXSourcesBuildPhase section */
		3DA29B7922011E590034AA46 /* Sources */ = {
			isa = PBXSourcesBuildPhase;
			buildActionMask = 2147483647;
			files = (
				3D85E5782203E4D300F324F7 /* playerTableViewCell.swift in Sources */,
				3D85E57C22054EC100F324F7 /* UITextField+Extensions.swift in Sources */,
				3DA29B8322011E590034AA46 /* ViewController.swift in Sources */,
				3DA29BB3220128DB0034AA46 /* MTGPlayer.swift in Sources */,
				3D85E57A22053E7100F324F7 /* HistoryTableViewController.swift in Sources */,
				3DA29B8122011E590034AA46 /* AppDelegate.swift in Sources */,
			);
			runOnlyForDeploymentPostprocessing = 0;
		};
		3DA29B8D22011E5D0034AA46 /* Sources */ = {
			isa = PBXSourcesBuildPhase;
			buildActionMask = 2147483647;
			files = (
				3DA29B9622011E5D0034AA46 /* lifecounterTests.swift in Sources */,
			);
			runOnlyForDeploymentPostprocessing = 0;
		};
		3DA29B9822011E5D0034AA46 /* Sources */ = {
			isa = PBXSourcesBuildPhase;
			buildActionMask = 2147483647;
			files = (
				3DA29BA122011E5D0034AA46 /* lifecounterUITests.swift in Sources */,
			);
			runOnlyForDeploymentPostprocessing = 0;
		};
/* End PBXSourcesBuildPhase section */

/* Begin PBXTargetDependency section */
		3DA29B9322011E5D0034AA46 /* PBXTargetDependency */ = {
			isa = PBXTargetDependency;
			target = 3DA29B7C22011E590034AA46 /* lifecounter */;
			targetProxy = 3DA29B9222011E5D0034AA46 /* PBXContainerItemProxy */;
		};
		3DA29B9E22011E5D0034AA46 /* PBXTargetDependency */ = {
			isa = PBXTargetDependency;
			target = 3DA29B7C22011E590034AA46 /* lifecounter */;
			targetProxy = 3DA29B9D22011E5D0034AA46 /* PBXContainerItemProxy */;
		};
/* End PBXTargetDependency section */

/* Begin PBXVariantGroup section */
		3DA29B8422011E590034AA46 /* Main.storyboard */ = {
			isa = PBXVariantGroup;
			children = (
				3DA29B8522011E590034AA46 /* Base */,
			);
			name = Main.storyboard;
			sourceTree = "<group>";
		};
		3DA29B8922011E5C0034AA46 /* LaunchScreen.storyboard */ = {
			isa = PBXVariantGroup;
			children = (
				3DA29B8A22011E5C0034AA46 /* Base */,
			);
			name = LaunchScreen.storyboard;
			sourceTree = "<group>";
		};
/* End PBXVariantGroup section */

/* Begin XCBuildConfiguration section */
		3DA29BA322011E5D0034AA46 /* Debug */ = {
			isa = XCBuildConfiguration;
			buildSettings = {
				ALWAYS_SEARCH_USER_PATHS = NO;
				CLANG_ANALYZER_NONNULL = YES;
				CLANG_ANALYZER_NUMBER_OBJECT_CONVERSION = YES_AGGRESSIVE;
				CLANG_CXX_LANGUAGE_STANDARD = "gnu++14";
				CLANG_CXX_LIBRARY = "libc++";
				CLANG_ENABLE_MODULES = YES;
				CLANG_ENABLE_OBJC_ARC = YES;
				CLANG_ENABLE_OBJC_WEAK = YES;
				CLANG_WARN_BLOCK_CAPTURE_AUTORELEASING = YES;
				CLANG_WARN_BOOL_CONVERSION = YES;
				CLANG_WARN_COMMA = YES;
				CLANG_WARN_CONSTANT_CONVERSION = YES;
				CLANG_WARN_DEPRECATED_OBJC_IMPLEMENTATIONS = YES;
				CLANG_WARN_DIRECT_OBJC_ISA_USAGE = YES_ERROR;
				CLANG_WARN_DOCUMENTATION_COMMENTS = YES;
				CLANG_WARN_EMPTY_BODY = YES;
				CLANG_WARN_ENUM_CONVERSION = YES;
				CLANG_WARN_INFINITE_RECURSION = YES;
				CLANG_WARN_INT_CONVERSION = YES;
				CLANG_WARN_NON_LITERAL_NULL_CONVERSION = YES;
				CLANG_WARN_OBJC_IMPLICIT_RETAIN_SELF = YES;
				CLANG_WARN_OBJC_LITERAL_CONVERSION = YES;
				CLANG_WARN_OBJC_ROOT_CLASS = YES_ERROR;
				CLANG_WARN_RANGE_LOOP_ANALYSIS = YES;
				CLANG_WARN_STRICT_PROTOTYPES = YES;
				CLANG_WARN_SUSPICIOUS_MOVE = YES;
				CLANG_WARN_UNGUARDED_AVAILABILITY = YES_AGGRESSIVE;
				CLANG_WARN_UNREACHABLE_CODE = YES;
				CLANG_WARN__DUPLICATE_METHOD_MATCH = YES;
				CODE_SIGN_IDENTITY = "iPhone Developer";
				COPY_PHASE_STRIP = NO;
				DEBUG_INFORMATION_FORMAT = dwarf;
				ENABLE_STRICT_OBJC_MSGSEND = YES;
				ENABLE_TESTABILITY = YES;
				GCC_C_LANGUAGE_STANDARD = gnu11;
				GCC_DYNAMIC_NO_PIC = NO;
				GCC_NO_COMMON_BLOCKS = YES;
				GCC_OPTIMIZATION_LEVEL = 0;
				GCC_PREPROCESSOR_DEFINITIONS = (
					"DEBUG=1",
					"$(inherited)",
				);
				GCC_WARN_64_TO_32_BIT_CONVERSION = YES;
				GCC_WARN_ABOUT_RETURN_TYPE = YES_ERROR;
				GCC_WARN_UNDECLARED_SELECTOR = YES;
				GCC_WARN_UNINITIALIZED_AUTOS = YES_AGGRESSIVE;
				GCC_WARN_UNUSED_FUNCTION = YES;
				GCC_WARN_UNUSED_VARIABLE = YES;
				IPHONEOS_DEPLOYMENT_TARGET = 12.1;
				MTL_ENABLE_DEBUG_INFO = INCLUDE_SOURCE;
				MTL_FAST_MATH = YES;
				ONLY_ACTIVE_ARCH = YES;
				SDKROOT = iphoneos;
				SWIFT_ACTIVE_COMPILATION_CONDITIONS = DEBUG;
				SWIFT_OPTIMIZATION_LEVEL = "-Onone";
			};
			name = Debug;
		};
		3DA29BA422011E5D0034AA46 /* Release */ = {
			isa = XCBuildConfiguration;
			buildSettings = {
				ALWAYS_SEARCH_USER_PATHS = NO;
				CLANG_ANALYZER_NONNULL = YES;
				CLANG_ANALYZER_NUMBER_OBJECT_CONVERSION = YES_AGGRESSIVE;
				CLANG_CXX_LANGUAGE_STANDARD = "gnu++14";
				CLANG_CXX_LIBRARY = "libc++";
				CLANG_ENABLE_MODULES = YES;
				CLANG_ENABLE_OBJC_ARC = YES;
				CLANG_ENABLE_OBJC_WEAK = YES;
				CLANG_WARN_BLOCK_CAPTURE_AUTORELEASING = YES;
				CLANG_WARN_BOOL_CONVERSION = YES;
				CLANG_WARN_COMMA = YES;
				CLANG_WARN_CONSTANT_CONVERSION = YES;
				CLANG_WARN_DEPRECATED_OBJC_IMPLEMENTATIONS = YES;
				CLANG_WARN_DIRECT_OBJC_ISA_USAGE = YES_ERROR;
				CLANG_WARN_DOCUMENTATION_COMMENTS = YES;
				CLANG_WARN_EMPTY_BODY = YES;
				CLANG_WARN_ENUM_CONVERSION = YES;
				CLANG_WARN_INFINITE_RECURSION = YES;
				CLANG_WARN_INT_CONVERSION = YES;
				CLANG_WARN_NON_LITERAL_NULL_CONVERSION = YES;
				CLANG_WARN_OBJC_IMPLICIT_RETAIN_SELF = YES;
				CLANG_WARN_OBJC_LITERAL_CONVERSION = YES;
				CLANG_WARN_OBJC_ROOT_CLASS = YES_ERROR;
				CLANG_WARN_RANGE_LOOP_ANALYSIS = YES;
				CLANG_WARN_STRICT_PROTOTYPES = YES;
				CLANG_WARN_SUSPICIOUS_MOVE = YES;
				CLANG_WARN_UNGUARDED_AVAILABILITY = YES_AGGRESSIVE;
				CLANG_WARN_UNREACHABLE_CODE = YES;
				CLANG_WARN__DUPLICATE_METHOD_MATCH = YES;
				CODE_SIGN_IDENTITY = "iPhone Developer";
				COPY_PHASE_STRIP = NO;
				DEBUG_INFORMATION_FORMAT = "dwarf-with-dsym";
				ENABLE_NS_ASSERTIONS = NO;
				ENABLE_STRICT_OBJC_MSGSEND = YES;
				GCC_C_LANGUAGE_STANDARD = gnu11;
				GCC_NO_COMMON_BLOCKS = YES;
				GCC_WARN_64_TO_32_BIT_CONVERSION = YES;
				GCC_WARN_ABOUT_RETURN_TYPE = YES_ERROR;
				GCC_WARN_UNDECLARED_SELECTOR = YES;
				GCC_WARN_UNINITIALIZED_AUTOS = YES_AGGRESSIVE;
				GCC_WARN_UNUSED_FUNCTION = YES;
				GCC_WARN_UNUSED_VARIABLE = YES;
				IPHONEOS_DEPLOYMENT_TARGET = 12.1;
				MTL_ENABLE_DEBUG_INFO = NO;
				MTL_FAST_MATH = YES;
				SDKROOT = iphoneos;
				SWIFT_COMPILATION_MODE = wholemodule;
				SWIFT_OPTIMIZATION_LEVEL = "-O";
				VALIDATE_PRODUCT = YES;
			};
			name = Release;
		};
		3DA29BA622011E5D0034AA46 /* Debug */ = {
			isa = XCBuildConfiguration;
			buildSettings = {
				ASSETCATALOG_COMPILER_APPICON_NAME = AppIcon;
				CODE_SIGN_STYLE = Automatic;
				DEVELOPMENT_TEAM = B47AVVU489;
				INFOPLIST_FILE = lifecounter/Info.plist;
				LD_RUNPATH_SEARCH_PATHS = (
					"$(inherited)",
					"@executable_path/Frameworks",
				);
				PRODUCT_BUNDLE_IDENTIFIER = edu.washington.braydonh.lifecounter;
				PRODUCT_NAME = "$(TARGET_NAME)";
				SWIFT_VERSION = 4.2;
				TARGETED_DEVICE_FAMILY = "1,2";
			};
			name = Debug;
		};
		3DA29BA722011E5D0034AA46 /* Release */ = {
			isa = XCBuildConfiguration;
			buildSettings = {
				ASSETCATALOG_COMPILER_APPICON_NAME = AppIcon;
				CODE_SIGN_STYLE = Automatic;
				DEVELOPMENT_TEAM = B47AVVU489;
				INFOPLIST_FILE = lifecounter/Info.plist;
				LD_RUNPATH_SEARCH_PATHS = (
					"$(inherited)",
					"@executable_path/Frameworks",
				);
				PRODUCT_BUNDLE_IDENTIFIER = edu.washington.braydonh.lifecounter;
				PRODUCT_NAME = "$(TARGET_NAME)";
				SWIFT_VERSION = 4.2;
				TARGETED_DEVICE_FAMILY = "1,2";
			};
			name = Release;
		};
		3DA29BA922011E5D0034AA46 /* Debug */ = {
			isa = XCBuildConfiguration;
			buildSettings = {
				ALWAYS_EMBED_SWIFT_STANDARD_LIBRARIES = YES;
				BUNDLE_LOADER = "$(TEST_HOST)";
				CODE_SIGN_STYLE = Automatic;
				DEVELOPMENT_TEAM = B47AVVU489;
				INFOPLIST_FILE = lifecounterTests/Info.plist;
				LD_RUNPATH_SEARCH_PATHS = (
					"$(inherited)",
					"@executable_path/Frameworks",
					"@loader_path/Frameworks",
				);
				PRODUCT_BUNDLE_IDENTIFIER = edu.washington.braydonh.lifecounterTests;
				PRODUCT_NAME = "$(TARGET_NAME)";
				SWIFT_VERSION = 4.2;
				TARGETED_DEVICE_FAMILY = "1,2";
				TEST_HOST = "$(BUILT_PRODUCTS_DIR)/lifecounter.app/lifecounter";
			};
			name = Debug;
		};
		3DA29BAA22011E5D0034AA46 /* Release */ = {
			isa = XCBuildConfiguration;
			buildSettings = {
				ALWAYS_EMBED_SWIFT_STANDARD_LIBRARIES = YES;
				BUNDLE_LOADER = "$(TEST_HOST)";
				CODE_SIGN_STYLE = Automatic;
				DEVELOPMENT_TEAM = B47AVVU489;
				INFOPLIST_FILE = lifecounterTests/Info.plist;
				LD_RUNPATH_SEARCH_PATHS = (
					"$(inherited)",
					"@executable_path/Frameworks",
					"@loader_path/Frameworks",
				);
				PRODUCT_BUNDLE_IDENTIFIER = edu.washington.braydonh.lifecounterTests;
				PRODUCT_NAME = "$(TARGET_NAME)";
				SWIFT_VERSION = 4.2;
				TARGETED_DEVICE_FAMILY = "1,2";
				TEST_HOST = "$(BUILT_PRODUCTS_DIR)/lifecounter.app/lifecounter";
			};
			name = Release;
		};
		3DA29BAC22011E5D0034AA46 /* Debug */ = {
			isa = XCBuildConfiguration;
			buildSettings = {
				ALWAYS_EMBED_SWIFT_STANDARD_LIBRARIES = YES;
				CODE_SIGN_STYLE = Automatic;
				DEVELOPMENT_TEAM = B47AVVU489;
				INFOPLIST_FILE = lifecounterUITests/Info.plist;
				LD_RUNPATH_SEARCH_PATHS = (
					"$(inherited)",
					"@executable_path/Frameworks",
					"@loader_path/Frameworks",
				);
				PRODUCT_BUNDLE_IDENTIFIER = edu.washington.braydonh.lifecounterUITests;
				PRODUCT_NAME = "$(TARGET_NAME)";
				SWIFT_VERSION = 4.2;
				TARGETED_DEVICE_FAMILY = "1,2";
				TEST_TARGET_NAME = lifecounter;
			};
			name = Debug;
		};
		3DA29BAD22011E5D0034AA46 /* Release */ = {
			isa = XCBuildConfiguration;
			buildSettings = {
				ALWAYS_EMBED_SWIFT_STANDARD_LIBRARIES = YES;
				CODE_SIGN_STYLE = Automatic;
				DEVELOPMENT_TEAM = B47AVVU489;
				INFOPLIST_FILE = lifecounterUITests/Info.plist;
				LD_RUNPATH_SEARCH_PATHS = (
					"$(inherited)",
					"@executable_path/Frameworks",
					"@loader_path/Frameworks",
				);
				PRODUCT_BUNDLE_IDENTIFIER = edu.washington.braydonh.lifecounterUITests;
				PRODUCT_NAME = "$(TARGET_NAME)";
				SWIFT_VERSION = 4.2;
				TARGETED_DEVICE_FAMILY = "1,2";
				TEST_TARGET_NAME = lifecounter;
			};
			name = Release;
		};
/* End XCBuildConfiguration section */

/* Begin XCConfigurationList section */
		3DA29B7822011E590034AA46 /* Build configuration list for PBXProject "lifecounter" */ = {
			isa = XCConfigurationList;
			buildConfigurations = (
				3DA29BA322011E5D0034AA46 /* Debug */,
				3DA29BA422011E5D0034AA46 /* Release */,
			);
			defaultConfigurationIsVisible = 0;
			defaultConfigurationName = Release;
		};
		3DA29BA522011E5D0034AA46 /* Build configuration list for PBXNativeTarget "lifecounter" */ = {
			isa = XCConfigurationList;
			buildConfigurations = (
				3DA29BA622011E5D0034AA46 /* Debug */,
				3DA29BA722011E5D0034AA46 /* Release */,
			);
			defaultConfigurationIsVisible = 0;
			defaultConfigurationName = Release;
		};
		3DA29BA822011E5D0034AA46 /* Build configuration list for PBXNativeTarget "lifecounterTests" */ = {
			isa = XCConfigurationList;
			buildConfigurations = (
				3DA29BA922011E5D0034AA46 /* Debug */,
				3DA29BAA22011E5D0034AA46 /* Release */,
			);
			defaultConfigurationIsVisible = 0;
			defaultConfigurationName = Release;
		};
		3DA29BAB22011E5D0034AA46 /* Build configuration list for PBXNativeTarget "lifecounterUITests" */ = {
			isa = XCConfigurationList;
			buildConfigurations = (
				3DA29BAC22011E5D0034AA46 /* Debug */,
				3DA29BAD22011E5D0034AA46 /* Release */,
			);
			defaultConfigurationIsVisible = 0;
			defaultConfigurationName = Release;
		};
/* End XCConfigurationList section */
	};
	rootObject = 3DA29B7522011E590034AA46 /* Project object */;
}
